
Microsoft Visual Studio Solution File, Format Version 12.00
# Visual Studio 15
VisualStudioVersion = 15.0.26730.16
MinimumVisualStudioVersion = 10.0.40219.1
Project("{FAE04EC0-301F-11D3-BF4B-00C04F79EFBC}") = "WpfApp3", "WpfApp3\WpfApp3.csproj", "{45CA0436-8B83-452E-8E56-F4A7DA3808B1}"
EndProject
Global
	GlobalSection(SolutionConfigurationPlatforms) = preSolution
		Debug|Any CPU = Debug|Any CPU
		Release|Any CPU = Release|Any CPU
	EndGlobalSection
	GlobalSection(ProjectConfigurationPlatforms) = postSolution
		{45CA0436-8B83-452E-8E56-F4A7DA3808B1}.Debug|Any CPU.ActiveCfg = Debug|Any CPU
		{45CA0436-8B83-452E-8E56-F4A7DA3808B1}.Debug|Any CPU.Build.0 = Debug|Any CPU
		{45CA0436-8B83-452E-8E56-F4A7DA3808B1}.Release|Any CPU.ActiveCfg = Release|Any CPU
		{45CA0436-8B83-452E-8E56-F4A7DA3808B1}.Release|Any CPU.Build.0 = Release|Any CPU
	EndGlobalSection
	GlobalSection(SolutionProperties) = preSolution
		HideSolutionNode = FALSE
	EndGlobalSection
	GlobalSection(ExtensibilityGlobals) = postSolution
		SolutionGuid = {BFB1C11F-C435-440B-B16A-D9817F2C4705}
	EndGlobalSection
EndGlobal
